// !$*UTF8*$!
{
	archiveVersion = 1;
	classes = {
	};
	objectVersion = 55;
	objects = {

/* Begin PBXBuildFile section */
		3EACC6DC2A0A606A002E7407 /* ContentView.swift in Sources */ = {isa = PBXBuildFile; fileRef = 3EACC6DB2A0A606A002E7407 /* ContentView.swift */; };
		3EBAE6962A0A73C80038510C /* AddLifeAreaView.swift in Sources */ = {isa = PBXBuildFile; fileRef = 3EBAE6952A0A73C80038510C /* AddLifeAreaView.swift */; };
		3EBAE69C2A0AAD960038510C /* DailyActionView.swift in Sources */ = {isa = PBXBuildFile; fileRef = 3EBAE69B2A0AAD960038510C /* DailyActionView.swift */; };
		3EFAA78E2A0A17BA00EFEA5D /* rewardifyApp.swift in Sources */ = {isa = PBXBuildFile; fileRef = 3EFAA78D2A0A17BA00EFEA5D /* rewardifyApp.swift */; };
		3EFAA7922A0A17C500EFEA5D /* Assets.xcassets in Resources */ = {isa = PBXBuildFile; fileRef = 3EFAA7912A0A17C500EFEA5D /* Assets.xcassets */; };
		3EFAA7952A0A17C500EFEA5D /* Preview Assets.xcassets in Resources */ = {isa = PBXBuildFile; fileRef = 3EFAA7942A0A17C500EFEA5D /* Preview Assets.xcassets */; };
		3EFAA79F2A0A17C500EFEA5D /* rewardifyTests.swift in Sources */ = {isa = PBXBuildFile; fileRef = 3EFAA79E2A0A17C500EFEA5D /* rewardifyTests.swift */; };
		3EFAA7A92A0A17C600EFEA5D /* rewardifyUITests.swift in Sources */ = {isa = PBXBuildFile; fileRef = 3EFAA7A82A0A17C600EFEA5D /* rewardifyUITests.swift */; };
		3EFAA7AB2A0A17C600EFEA5D /* rewardifyUITestsLaunchTests.swift in Sources */ = {isa = PBXBuildFile; fileRef = 3EFAA7AA2A0A17C600EFEA5D /* rewardifyUITestsLaunchTests.swift */; };
/* End PBXBuildFile section */

/* Begin PBXContainerItemProxy section */
		3EFAA79B2A0A17C500EFEA5D /* PBXContainerItemProxy */ = {
			isa = PBXContainerItemProxy;
			containerPortal = 3EFAA7822A0A17BA00EFEA5D /* Project object */;
			proxyType = 1;
			remoteGlobalIDString = 3EFAA7892A0A17BA00EFEA5D;
			remoteInfo = rewardify;
		};
		3EFAA7A52A0A17C500EFEA5D /* PBXContainerItemProxy */ = {
			isa = PBXContainerItemProxy;
			containerPortal = 3EFAA7822A0A17BA00EFEA5D /* Project object */;
			proxyType = 1;
			remoteGlobalIDString = 3EFAA7892A0A17BA00EFEA5D;
			remoteInfo = rewardify;
		};
/* End PBXContainerItemProxy section */

/* Begin PBXFileReference section */
		3EACC6DB2A0A606A002E7407 /* ContentView.swift */ = {isa = PBXFileReference; lastKnownFileType = sourcecode.swift; path = ContentView.swift; sourceTree = "<group>"; };
		3EBAE6952A0A73C80038510C /* AddLifeAreaView.swift */ = {isa = PBXFileReference; lastKnownFileType = sourcecode.swift; path = AddLifeAreaView.swift; sourceTree = "<group>"; };
		3EBAE69B2A0AAD960038510C /* DailyActionView.swift */ = {isa = PBXFileReference; lastKnownFileType = sourcecode.swift; path = DailyActionView.swift; sourceTree = "<group>"; };
		3EFAA78A2A0A17BA00EFEA5D /* rewardify.app */ = {isa = PBXFileReference; explicitFileType = wrapper.application; includeInIndex = 0; path = rewardify.app; sourceTree = BUILT_PRODUCTS_DIR; };
		3EFAA78D2A0A17BA00EFEA5D /* rewardifyApp.swift */ = {isa = PBXFileReference; lastKnownFileType = sourcecode.swift; path = rewardifyApp.swift; sourceTree = "<group>"; };
		3EFAA7912A0A17C500EFEA5D /* Assets.xcassets */ = {isa = PBXFileReference; lastKnownFileType = folder.assetcatalog; path = Assets.xcassets; sourceTree = "<group>"; };
		3EFAA7942A0A17C500EFEA5D /* Preview Assets.xcassets */ = {isa = PBXFileReference; lastKnownFileType = folder.assetcatalog; path = "Preview Assets.xcassets"; sourceTree = "<group>"; };
		3EFAA79A2A0A17C500EFEA5D /* rewardifyTests.xctest */ = {isa = PBXFileReference; explicitFileType = wrapper.cfbundle; includeInIndex = 0; path = rewardifyTests.xctest; sourceTree = BUILT_PRODUCTS_DIR; };
		3EFAA79E2A0A17C500EFEA5D /* rewardifyTests.swift */ = {isa = PBXFileReference; lastKnownFileType = sourcecode.swift; path = rewardifyTests.swift; sourceTree = "<group>"; };
		3EFAA7A42A0A17C500EFEA5D /* rewardifyUITests.xctest */ = {isa = PBXFileReference; explicitFileType = wrapper.cfbundle; includeInIndex = 0; path = rewardifyUITests.xctest; sourceTree = BUILT_PRODUCTS_DIR; };
		3EFAA7A82A0A17C600EFEA5D /* rewardifyUITests.swift */ = {isa = PBXFileReference; lastKnownFileType = sourcecode.swift; path = rewardifyUITests.swift; sourceTree = "<group>"; };
		3EFAA7AA2A0A17C600EFEA5D /* rewardifyUITestsLaunchTests.swift */ = {isa = PBXFileReference; lastKnownFileType = sourcecode.swift; path = rewardifyUITestsLaunchTests.swift; sourceTree = "<group>"; };
/* End PBXFileReference section */

/* Begin PBXFrameworksBuildPhase section */
		3EFAA7872A0A17BA00EFEA5D /* Frameworks */ = {
			isa = PBXFrameworksBuildPhase;
			buildActionMask = 2147483647;
			files = (
			);
			runOnlyForDeploymentPostprocessing = 0;
		};
		3EFAA7972A0A17C500EFEA5D /* Frameworks */ = {
			isa = PBXFrameworksBuildPhase;
			buildActionMask = 2147483647;
			files = (
			);
			runOnlyForDeploymentPostprocessing = 0;
		};
		3EFAA7A12A0A17C500EFEA5D /* Frameworks */ = {
			isa = PBXFrameworksBuildPhase;
			buildActionMask = 2147483647;
			files = (
			);
			runOnlyForDeploymentPostprocessing = 0;
		};
/* End PBXFrameworksBuildPhase section */

/* Begin PBXGroup section */
		3EFAA7812A0A17BA00EFEA5D = {
			isa = PBXGroup;
			children = (
				3EFAA78C2A0A17BA00EFEA5D /* rewardify */,
				3EFAA79D2A0A17C500EFEA5D /* rewardifyTests */,
				3EFAA7A72A0A17C600EFEA5D /* rewardifyUITests */,
				3EFAA78B2A0A17BA00EFEA5D /* Products */,
			);
			sourceTree = "<group>";
		};
		3EFAA78B2A0A17BA00EFEA5D /* Products */ = {
			isa = PBXGroup;
			children = (
				3EFAA78A2A0A17BA00EFEA5D /* rewardify.app */,
				3EFAA79A2A0A17C500EFEA5D /* rewardifyTests.xctest */,
				3EFAA7A42A0A17C500EFEA5D /* rewardifyUITests.xctest */,
			);
			name = Products;
			sourceTree = "<group>";
		};
		3EFAA78C2A0A17BA00EFEA5D /* rewardify */ = {
			isa = PBXGroup;
			children = (
				3EFAA78D2A0A17BA00EFEA5D /* rewardifyApp.swift */,
				3EACC6DB2A0A606A002E7407 /* ContentView.swift */,
				3EBAE6952A0A73C80038510C /* AddLifeAreaView.swift */,
				3EBAE69B2A0AAD960038510C /* DailyActionView.swift */,
				3EFAA7932A0A17C500EFEA5D /* Preview Content */,
				3EFAA7912A0A17C500EFEA5D /* Assets.xcassets */,
			);
			path = rewardify;
			sourceTree = "<group>";
		};
		3EFAA7932A0A17C500EFEA5D /* Preview Content */ = {
			isa = PBXGroup;
			children = (
				3EFAA7942A0A17C500EFEA5D /* Preview Assets.xcassets */,
			);
			path = "Preview Content";
			sourceTree = "<group>";
		};
		3EFAA79D2A0A17C500EFEA5D /* rewardifyTests */ = {
			isa = PBXGroup;
			children = (
				3EFAA79E2A0A17C500EFEA5D /* rewardifyTests.swift */,
			);
			path = rewardifyTests;
			sourceTree = "<group>";
		};
		3EFAA7A72A0A17C600EFEA5D /* rewardifyUITests */ = {
			isa = PBXGroup;
			children = (
				3EFAA7A82A0A17C600EFEA5D /* rewardifyUITests.swift */,
				3EFAA7AA2A0A17C600EFEA5D /* rewardifyUITestsLaunchTests.swift */,
			);
			path = rewardifyUITests;
			sourceTree = "<group>";
		};
/* End PBXGroup section */

/* Begin PBXNativeTarget section */
		3EFAA7892A0A17BA00EFEA5D /* rewardify */ = {
			isa = PBXNativeTarget;
			buildConfigurationList = 3EFAA7AE2A0A17C600EFEA5D /* Build configuration list for PBXNativeTarget "rewardify" */;
			buildPhases = (
				3EFAA7862A0A17BA00EFEA5D /* Sources */,
				3EFAA7872A0A17BA00EFEA5D /* Frameworks */,
				3EFAA7882A0A17BA00EFEA5D /* Resources */,
			);
			buildRules = (
			);
			dependencies = (
			);
			name = rewardify;
			productName = rewardify;
			productReference = 3EFAA78A2A0A17BA00EFEA5D /* rewardify.app */;
			productType = "com.apple.product-type.application";
		};
		3EFAA7992A0A17C500EFEA5D /* rewardifyTests */ = {
			isa = PBXNativeTarget;
			buildConfigurationList = 3EFAA7B12A0A17C600EFEA5D /* Build configuration list for PBXNativeTarget "rewardifyTests" */;
			buildPhases = (
				3EFAA7962A0A17C500EFEA5D /* Sources */,
				3EFAA7972A0A17C500EFEA5D /* Frameworks */,
				3EFAA7982A0A17C500EFEA5D /* Resources */,
			);
			buildRules = (
			);
			dependencies = (
				3EFAA79C2A0A17C500EFEA5D /* PBXTargetDependency */,
			);
			name = rewardifyTests;
			productName = rewardifyTests;
			productReference = 3EFAA79A2A0A17C500EFEA5D /* rewardifyTests.xctest */;
			productType = "com.apple.product-type.bundle.unit-test";
		};
		3EFAA7A32A0A17C500EFEA5D /* rewardifyUITests */ = {
			isa = PBXNativeTarget;
			buildConfigurationList = 3EFAA7B42A0A17C600EFEA5D /* Build configuration list for PBXNativeTarget "rewardifyUITests" */;
			buildPhases = (
				3EFAA7A02A0A17C500EFEA5D /* Sources */,
				3EFAA7A12A0A17C500EFEA5D /* Frameworks */,
				3EFAA7A22A0A17C500EFEA5D /* Resources */,
			);
			buildRules = (
			);
			dependencies = (
				3EFAA7A62A0A17C500EFEA5D /* PBXTargetDependency */,
			);
			name = rewardifyUITests;
			productName = rewardifyUITests;
			productReference = 3EFAA7A42A0A17C500EFEA5D /* rewardifyUITests.xctest */;
			productType = "com.apple.product-type.bundle.ui-testing";
		};
/* End PBXNativeTarget section */

/* Begin PBXProject section */
		3EFAA7822A0A17BA00EFEA5D /* Project object */ = {
			isa = PBXProject;
			attributes = {
				BuildIndependentTargetsInParallel = 1;
				LastSwiftUpdateCheck = 1340;
				LastUpgradeCheck = 1340;
				TargetAttributes = {
					3EFAA7892A0A17BA00EFEA5D = {
						CreatedOnToolsVersion = 13.4;
					};
					3EFAA7992A0A17C500EFEA5D = {
						CreatedOnToolsVersion = 13.4;
						TestTargetID = 3EFAA7892A0A17BA00EFEA5D;
					};
					3EFAA7A32A0A17C500EFEA5D = {
						CreatedOnToolsVersion = 13.4;
						TestTargetID = 3EFAA7892A0A17BA00EFEA5D;
					};
				};
			};
			buildConfigurationList = 3EFAA7852A0A17BA00EFEA5D /* Build configuration list for PBXProject "rewardify" */;
			compatibilityVersion = "Xcode 13.0";
			developmentRegion = en;
			hasScannedForEncodings = 0;
			knownRegions = (
				en,
				Base,
			);
			mainGroup = 3EFAA7812A0A17BA00EFEA5D;
			productRefGroup = 3EFAA78B2A0A17BA00EFEA5D /* Products */;
			projectDirPath = "";
			projectRoot = "";
			targets = (
				3EFAA7892A0A17BA00EFEA5D /* rewardify */,
				3EFAA7992A0A17C500EFEA5D /* rewardifyTests */,
				3EFAA7A32A0A17C500EFEA5D /* rewardifyUITests */,
			);
		};
/* End PBXProject section */

/* Begin PBXResourcesBuildPhase section */
		3EFAA7882A0A17BA00EFEA5D /* Resources */ = {
			isa = PBXResourcesBuildPhase;
			buildActionMask = 2147483647;
			files = (
				3EFAA7952A0A17C500EFEA5D /* Preview Assets.xcassets in Resources */,
				3EFAA7922A0A17C500EFEA5D /* Assets.xcassets in Resources */,
			);
			runOnlyForDeploymentPostprocessing = 0;
		};
		3EFAA7982A0A17C500EFEA5D /* Resources */ = {
			isa = PBXResourcesBuildPhase;
			buildActionMask = 2147483647;
			files = (
			);
			runOnlyForDeploymentPostprocessing = 0;
		};
		3EFAA7A22A0A17C500EFEA5D /* Resources */ = {
			isa = PBXResourcesBuildPhase;
			buildActionMask = 2147483647;
			files = (
			);
			runOnlyForDeploymentPostprocessing = 0;
		};
/* End PBXResourcesBuildPhase section */

/* Begin PBXSourcesBuildPhase section */
		3EFAA7862A0A17BA00EFEA5D /* Sources */ = {
			isa = PBXSourcesBuildPhase;
			buildActionMask = 2147483647;
			files = (
				3EBAE69C2A0AAD960038510C /* DailyActionView.swift in Sources */,
				3EACC6DC2A0A606A002E7407 /* ContentView.swift in Sources */,
				3EBAE6962A0A73C80038510C /* AddLifeAreaView.swift in Sources */,
				3EFAA78E2A0A17BA00EFEA5D /* rewardifyApp.swift in Sources */,
			);
			runOnlyForDeploymentPostprocessing = 0;
		};
		3EFAA7962A0A17C500EFEA5D /* Sources */ = {
			isa = PBXSourcesBuildPhase;
			buildActionMask = 2147483647;
			files = (
				3EFAA79F2A0A17C500EFEA5D /* rewardifyTests.swift in Sources */,
			);
			runOnlyForDeploymentPostprocessing = 0;
		};
		3EFAA7A02A0A17C500EFEA5D /* Sources */ = {
			isa = PBXSourcesBuildPhase;
			buildActionMask = 2147483647;
			files = (
				3EFAA7AB2A0A17C600EFEA5D /* rewardifyUITestsLaunchTests.swift in Sources */,
				3EFAA7A92A0A17C600EFEA5D /* rewardifyUITests.swift in Sources */,
			);
			runOnlyForDeploymentPostprocessing = 0;
		};
/* End PBXSourcesBuildPhase section */

/* Begin PBXTargetDependency section */
		3EFAA79C2A0A17C500EFEA5D /* PBXTargetDependency */ = {
			isa = PBXTargetDependency;
			target = 3EFAA7892A0A17BA00EFEA5D /* rewardify */;
			targetProxy = 3EFAA79B2A0A17C500EFEA5D /* PBXContainerItemProxy */;
		};
		3EFAA7A62A0A17C500EFEA5D /* PBXTargetDependency */ = {
			isa = PBXTargetDependency;
			target = 3EFAA7892A0A17BA00EFEA5D /* rewardify */;
			targetProxy = 3EFAA7A52A0A17C500EFEA5D /* PBXContainerItemProxy */;
		};
/* End PBXTargetDependency section */

/* Begin XCBuildConfiguration section */
		3EFAA7AC2A0A17C600EFEA5D /* Debug */ = {
			isa = XCBuildConfiguration;
			buildSettings = {
				ALWAYS_SEARCH_USER_PATHS = NO;
				CLANG_ANALYZER_NONNULL = YES;
				CLANG_ANALYZER_NUMBER_OBJECT_CONVERSION = YES_AGGRESSIVE;
				CLANG_CXX_LANGUAGE_STANDARD = "gnu++17";
				CLANG_ENABLE_MODULES = YES;
				CLANG_ENABLE_OBJC_ARC = YES;
				CLANG_ENABLE_OBJC_WEAK = YES;
				CLANG_WARN_BLOCK_CAPTURE_AUTORELEASING = YES;
				CLANG_WARN_BOOL_CONVERSION = YES;
				CLANG_WARN_COMMA = YES;
				CLANG_WARN_CONSTANT_CONVERSION = YES;
				CLANG_WARN_DEPRECATED_OBJC_IMPLEMENTATIONS = YES;
				CLANG_WARN_DIRECT_OBJC_ISA_USAGE = YES_ERROR;
				CLANG_WARN_DOCUMENTATION_COMMENTS = YES;
				CLANG_WARN_EMPTY_BODY = YES;
				CLANG_WARN_ENUM_CONVERSION = YES;
				CLANG_WARN_INFINITE_RECURSION = YES;
				CLANG_WARN_INT_CONVERSION = YES;
				CLANG_WARN_NON_LITERAL_NULL_CONVERSION = YES;
				CLANG_WARN_OBJC_IMPLICIT_RETAIN_SELF = YES;
				CLANG_WARN_OBJC_LITERAL_CONVERSION = YES;
				CLANG_WARN_OBJC_ROOT_CLASS = YES_ERROR;
				CLANG_WARN_QUOTED_INCLUDE_IN_FRAMEWORK_HEADER = YES;
				CLANG_WARN_RANGE_LOOP_ANALYSIS = YES;
				CLANG_WARN_STRICT_PROTOTYPES = YES;
				CLANG_WARN_SUSPICIOUS_MOVE = YES;
				CLANG_WARN_UNGUARDED_AVAILABILITY = YES_AGGRESSIVE;
				CLANG_WARN_UNREACHABLE_CODE = YES;
				CLANG_WARN__DUPLICATE_METHOD_MATCH = YES;
				COPY_PHASE_STRIP = NO;
				DEBUG_INFORMATION_FORMAT = dwarf;
				ENABLE_STRICT_OBJC_MSGSEND = YES;
				ENABLE_TESTABILITY = YES;
				GCC_C_LANGUAGE_STANDARD = gnu11;
				GCC_DYNAMIC_NO_PIC = NO;
				GCC_NO_COMMON_BLOCKS = YES;
				GCC_OPTIMIZATION_LEVEL = 0;
				GCC_PREPROCESSOR_DEFINITIONS = (
					"DEBUG=1",
					"$(inherited)",
				);
				GCC_WARN_64_TO_32_BIT_CONVERSION = YES;
				GCC_WARN_ABOUT_RETURN_TYPE = YES_ERROR;
				GCC_WARN_UNDECLARED_SELECTOR = YES;
				GCC_WARN_UNINITIALIZED_AUTOS = YES_AGGRESSIVE;
				GCC_WARN_UNUSED_FUNCTION = YES;
				GCC_WARN_UNUSED_VARIABLE = YES;
				IPHONEOS_DEPLOYMENT_TARGET = 15.5;
				MTL_ENABLE_DEBUG_INFO = INCLUDE_SOURCE;
				MTL_FAST_MATH = YES;
				ONLY_ACTIVE_ARCH = YES;
				SDKROOT = iphoneos;
				SWIFT_ACTIVE_COMPILATION_CONDITIONS = DEBUG;
				SWIFT_OPTIMIZATION_LEVEL = "-Onone";
			};
			name = Debug;
		};
		3EFAA7AD2A0A17C600EFEA5D /* Release */ = {
			isa = XCBuildConfiguration;
			buildSettings = {
				ALWAYS_SEARCH_USER_PATHS = NO;
				CLANG_ANALYZER_NONNULL = YES;
				CLANG_ANALYZER_NUMBER_OBJECT_CONVERSION = YES_AGGRESSIVE;
				CLANG_CXX_LANGUAGE_STANDARD = "gnu++17";
				CLANG_ENABLE_MODULES = YES;
				CLANG_ENABLE_OBJC_ARC = YES;
				CLANG_ENABLE_OBJC_WEAK = YES;
				CLANG_WARN_BLOCK_CAPTURE_AUTORELEASING = YES;
				CLANG_WARN_BOOL_CONVERSION = YES;
				CLANG_WARN_COMMA = YES;
				CLANG_WARN_CONSTANT_CONVERSION = YES;
				CLANG_WARN_DEPRECATED_OBJC_IMPLEMENTATIONS = YES;
				CLANG_WARN_DIRECT_OBJC_ISA_USAGE = YES_ERROR;
				CLANG_WARN_DOCUMENTATION_COMMENTS = YES;
				CLANG_WARN_EMPTY_BODY = YES;
				CLANG_WARN_ENUM_CONVERSION = YES;
				CLANG_WARN_INFINITE_RECURSION = YES;
				CLANG_WARN_INT_CONVERSION = YES;
				CLANG_WARN_NON_LITERAL_NULL_CONVERSION = YES;
				CLANG_WARN_OBJC_IMPLICIT_RETAIN_SELF = YES;
				CLANG_WARN_OBJC_LITERAL_CONVERSION = YES;
				CLANG_WARN_OBJC_ROOT_CLASS = YES_ERROR;
				CLANG_WARN_QUOTED_INCLUDE_IN_FRAMEWORK_HEADER = YES;
				CLANG_WARN_RANGE_LOOP_ANALYSIS = YES;
				CLANG_WARN_STRICT_PROTOTYPES = YES;
				CLANG_WARN_SUSPICIOUS_MOVE = YES;
				CLANG_WARN_UNGUARDED_AVAILABILITY = YES_AGGRESSIVE;
				CLANG_WARN_UNREACHABLE_CODE = YES;
				CLANG_WARN__DUPLICATE_METHOD_MATCH = YES;
				COPY_PHASE_STRIP = NO;
				DEBUG_INFORMATION_FORMAT = "dwarf-with-dsym";
				ENABLE_NS_ASSERTIONS = NO;
				ENABLE_STRICT_OBJC_MSGSEND = YES;
				GCC_C_LANGUAGE_STANDARD = gnu11;
				GCC_NO_COMMON_BLOCKS = YES;
				GCC_WARN_64_TO_32_BIT_CONVERSION = YES;
				GCC_WARN_ABOUT_RETURN_TYPE = YES_ERROR;
				GCC_WARN_UNDECLARED_SELECTOR = YES;
				GCC_WARN_UNINITIALIZED_AUTOS = YES_AGGRESSIVE;
				GCC_WARN_UNUSED_FUNCTION = YES;
				GCC_WARN_UNUSED_VARIABLE = YES;
				IPHONEOS_DEPLOYMENT_TARGET = 15.5;
				MTL_ENABLE_DEBUG_INFO = NO;
				MTL_FAST_MATH = YES;
				SDKROOT = iphoneos;
				SWIFT_COMPILATION_MODE = wholemodule;
				SWIFT_OPTIMIZATION_LEVEL = "-O";
				VALIDATE_PRODUCT = YES;
			};
			name = Release;
		};
		3EFAA7AF2A0A17C600EFEA5D /* Debug */ = {
			isa = XCBuildConfiguration;
			buildSettings = {
				ASSETCATALOG_COMPILER_APPICON_NAME = AppIcon;
				ASSETCATALOG_COMPILER_GLOBAL_ACCENT_COLOR_NAME = AccentColor;
				ASSETCATALOG_COMPILER_INCLUDE_ALL_APPICON_ASSETS = YES;
				CODE_SIGN_IDENTITY = "Apple Development";
				CODE_SIGN_STYLE = Automatic;
				CURRENT_PROJECT_VERSION = 1;
				DEVELOPMENT_ASSET_PATHS = "\"rewardify/Preview Content\"";
				DEVELOPMENT_TEAM = AG44JB39KD;
				ENABLE_PREVIEWS = YES;
				GENERATE_INFOPLIST_FILE = YES;
				INFOPLIST_KEY_UIApplicationSceneManifest_Generation = YES;
				INFOPLIST_KEY_UIApplicationSupportsIndirectInputEvents = YES;
				INFOPLIST_KEY_UILaunchScreen_Generation = YES;
				INFOPLIST_KEY_UISupportedInterfaceOrientations_iPad = "UIInterfaceOrientationPortrait UIInterfaceOrientationPortraitUpsideDown UIInterfaceOrientationLandscapeLeft UIInterfaceOrientationLandscapeRight";
				INFOPLIST_KEY_UISupportedInterfaceOrientations_iPhone = "UIInterfaceOrientationPortrait UIInterfaceOrientationLandscapeLeft UIInterfaceOrientationLandscapeRight";
				LD_RUNPATH_SEARCH_PATHS = (
					"$(inherited)",
					"@executable_path/Frameworks",
				);
				MARKETING_VERSION = 1.0;
				PRODUCT_BUNDLE_IDENTIFIER = com.ligh316.rewardify;
				PRODUCT_NAME = "$(TARGET_NAME)";
				PROVISIONING_PROFILE_SPECIFIER = "";
				SWIFT_EMIT_LOC_STRINGS = YES;
				SWIFT_VERSION = 5.0;
				TARGETED_DEVICE_FAMILY = 1;
			};
			name = Debug;
		};
		3EFAA7B02A0A17C600EFEA5D /* Release */ = {
			isa = XCBuildConfiguration;
			buildSettings = {
				ASSETCATALOG_COMPILER_APPICON_NAME = AppIcon;
				ASSETCATALOG_COMPILER_GLOBAL_ACCENT_COLOR_NAME = AccentColor;
				ASSETCATALOG_COMPILER_INCLUDE_ALL_APPICON_ASSETS = YES;
				CODE_SIGN_IDENTITY = "Apple Development";
				CODE_SIGN_STYLE = Automatic;
				CURRENT_PROJECT_VERSION = 1;
				DEVELOPMENT_ASSET_PATHS = "\"rewardify/Preview Content\"";
				DEVELOPMENT_TEAM = AG44JB39KD;
				ENABLE_PREVIEWS = YES;
				GENERATE_INFOPLIST_FILE = YES;
				INFOPLIST_KEY_UIApplicationSceneManifest_Generation = YES;
				INFOPLIST_KEY_UIApplicationSupportsIndirectInputEvents = YES;
				INFOPLIST_KEY_UILaunchScreen_Generation = YES;
				INFOPLIST_KEY_UISupportedInterfaceOrientations_iPad = "UIInterfaceOrientationPortrait UIInterfaceOrientationPortraitUpsideDown UIInterfaceOrientationLandscapeLeft UIInterfaceOrientationLandscapeRight";
				INFOPLIST_KEY_UISupportedInterfaceOrientations_iPhone = "UIInterfaceOrientationPortrait UIInterfaceOrientationLandscapeLeft UIInterfaceOrientationLandscapeRight";
				LD_RUNPATH_SEARCH_PATHS = (
					"$(inherited)",
					"@executable_path/Frameworks",
				);
				MARKETING_VERSION = 1.0;
				PRODUCT_BUNDLE_IDENTIFIER = com.ligh316.rewardify;
				PRODUCT_NAME = "$(TARGET_NAME)";
				PROVISIONING_PROFILE_SPECIFIER = "";
				SWIFT_EMIT_LOC_STRINGS = YES;
				SWIFT_VERSION = 5.0;
				TARGETED_DEVICE_FAMILY = 1;
			};
			name = Release;
		};
		3EFAA7B22A0A17C600EFEA5D /* Debug */ = {
			isa = XCBuildConfiguration;
			buildSettings = {
				ALWAYS_EMBED_SWIFT_STANDARD_LIBRARIES = YES;
				BUNDLE_LOADER = "$(TEST_HOST)";
				CODE_SIGN_STYLE = Automatic;
				CURRENT_PROJECT_VERSION = 1;
				DEVELOPMENT_TEAM = AG44JB39KD;
				GENERATE_INFOPLIST_FILE = YES;
				IPHONEOS_DEPLOYMENT_TARGET = 15.5;
				MARKETING_VERSION = 1.0;
				PRODUCT_BUNDLE_IDENTIFIER = com.light316.rewardifyTests;
				PRODUCT_NAME = "$(TARGET_NAME)";
				SWIFT_EMIT_LOC_STRINGS = NO;
				SWIFT_VERSION = 5.0;
				TARGETED_DEVICE_FAMILY = "1,2";
				TEST_HOST = "$(BUILT_PRODUCTS_DIR)/rewardify.app/rewardify";
			};
			name = Debug;
		};
		3EFAA7B32A0A17C600EFEA5D /* Release */ = {
			isa = XCBuildConfiguration;
			buildSettings = {
				ALWAYS_EMBED_SWIFT_STANDARD_LIBRARIES = YES;
				BUNDLE_LOADER = "$(TEST_HOST)";
				CODE_SIGN_STYLE = Automatic;
				CURRENT_PROJECT_VERSION = 1;
				DEVELOPMENT_TEAM = AG44JB39KD;
				GENERATE_INFOPLIST_FILE = YES;
				IPHONEOS_DEPLOYMENT_TARGET = 15.5;
				MARKETING_VERSION = 1.0;
				PRODUCT_BUNDLE_IDENTIFIER = com.light316.rewardifyTests;
				PRODUCT_NAME = "$(TARGET_NAME)";
				SWIFT_EMIT_LOC_STRINGS = NO;
				SWIFT_VERSION = 5.0;
				TARGETED_DEVICE_FAMILY = "1,2";
				TEST_HOST = "$(BUILT_PRODUCTS_DIR)/rewardify.app/rewardify";
			};
			name = Release;
		};
		3EFAA7B52A0A17C600EFEA5D /* Debug */ = {
			isa = XCBuildConfiguration;
			buildSettings = {
				ALWAYS_EMBED_SWIFT_STANDARD_LIBRARIES = YES;
				CODE_SIGN_STYLE = Automatic;
				CURRENT_PROJECT_VERSION = 1;
				DEVELOPMENT_TEAM = AG44JB39KD;
				GENERATE_INFOPLIST_FILE = YES;
				MARKETING_VERSION = 1.0;
				PRODUCT_BUNDLE_IDENTIFIER = com.light316.rewardifyUITests;
				PRODUCT_NAME = "$(TARGET_NAME)";
				SWIFT_EMIT_LOC_STRINGS = NO;
				SWIFT_VERSION = 5.0;
				TARGETED_DEVICE_FAMILY = "1,2";
				TEST_TARGET_NAME = rewardify;
			};
			name = Debug;
		};
		3EFAA7B62A0A17C600EFEA5D /* Release */ = {
			isa = XCBuildConfiguration;
			buildSettings = {
				ALWAYS_EMBED_SWIFT_STANDARD_LIBRARIES = YES;
				CODE_SIGN_STYLE = Automatic;
				CURRENT_PROJECT_VERSION = 1;
				DEVELOPMENT_TEAM = AG44JB39KD;
				GENERATE_INFOPLIST_FILE = YES;
				MARKETING_VERSION = 1.0;
				PRODUCT_BUNDLE_IDENTIFIER = com.light316.rewardifyUITests;
				PRODUCT_NAME = "$(TARGET_NAME)";
				SWIFT_EMIT_LOC_STRINGS = NO;
				SWIFT_VERSION = 5.0;
				TARGETED_DEVICE_FAMILY = "1,2";
				TEST_TARGET_NAME = rewardify;
			};
			name = Release;
		};
/* End XCBuildConfiguration section */

/* Begin XCConfigurationList section */
		3EFAA7852A0A17BA00EFEA5D /* Build configuration list for PBXProject "rewardify" */ = {
			isa = XCConfigurationList;
			buildConfigurations = (
				3EFAA7AC2A0A17C600EFEA5D /* Debug */,
				3EFAA7AD2A0A17C600EFEA5D /* Release */,
			);
			defaultConfigurationIsVisible = 0;
			defaultConfigurationName = Release;
		};
		3EFAA7AE2A0A17C600EFEA5D /* Build configuration list for PBXNativeTarget "rewardify" */ = {
			isa = XCConfigurationList;
			buildConfigurations = (
				3EFAA7AF2A0A17C600EFEA5D /* Debug */,
				3EFAA7B02A0A17C600EFEA5D /* Release */,
			);
			defaultConfigurationIsVisible = 0;
			defaultConfigurationName = Release;
		};
		3EFAA7B12A0A17C600EFEA5D /* Build configuration list for PBXNativeTarget "rewardifyTests" */ = {
			isa = XCConfigurationList;
			buildConfigurations = (
				3EFAA7B22A0A17C600EFEA5D /* Debug */,
				3EFAA7B32A0A17C600EFEA5D /* Release */,
			);
			defaultConfigurationIsVisible = 0;
			defaultConfigurationName = Release;
		};
		3EFAA7B42A0A17C600EFEA5D /* Build configuration list for PBXNativeTarget "rewardifyUITests" */ = {
			isa = XCConfigurationList;
			buildConfigurations = (
				3EFAA7B52A0A17C600EFEA5D /* Debug */,
				3EFAA7B62A0A17C600EFEA5D /* Release */,
			);
			defaultConfigurationIsVisible = 0;
			defaultConfigurationName = Release;
		};
/* End XCConfigurationList section */
	};
	rootObject = 3EFAA7822A0A17BA00EFEA5D /* Project object */;
}
